
Microsoft Visual Studio Solution File, Format Version 12.00
# Visual Studio 14
VisualStudioVersion = 14.0.23107.0
MinimumVisualStudioVersion = 10.0.40219.1
Project("{D2ABAB84-BF74-430A-B69E-9DC6D40DDA17}") = "Amy Winehouse sales", "Amy Winehouse sales\Amy Winehouse sales.dwproj", "{DAB1CB2B-724F-463C-A648-124387C22806}"
EndProject
Global
	GlobalSection(SolutionConfigurationPlatforms) = preSolution
		Development|Default = Development|Default
	EndGlobalSection
	GlobalSection(ProjectConfigurationPlatforms) = postSolution
		{DAB1CB2B-724F-463C-A648-124387C22806}.Development|Default.ActiveCfg = Development
		{DAB1CB2B-724F-463C-A648-124387C22806}.Development|Default.Build.0 = Development
		{DAB1CB2B-724F-463C-A648-124387C22806}.Development|Default.Deploy.0 = Development
	EndGlobalSection
	GlobalSection(SolutionProperties) = preSolution
		HideSolutionNode = FALSE
	EndGlobalSection
EndGlobal
